
Microsoft Visual Studio Solution File, Format Version 12.00
Project("{FAE04EC0-301F-11D3-BF4B-00C04F79EFBC}") = "Provitamin.Api", "Provitamin.Api\Provitamin.Api.csproj", "{9149E423-55AD-4687-953A-A8853E23AA9A}"
EndProject
Project("{2150E333-8FDC-42A3-9474-1A3956D46DE8}") = "src", "src", "{35EB914F-DA90-447F-8850-FBD85ADC8E3A}"
ProjectSection(SolutionItems) = preProject
	.gitignore = .gitignore
EndProjectSection
EndProject
Project("{2150E333-8FDC-42A3-9474-1A3956D46DE8}") = "Core", "Core", "{1D80DF87-F97C-43E8-A2D9-0F1CA53D94CE}"
EndProject
Project("{2150E333-8FDC-42A3-9474-1A3956D46DE8}") = "Infrastructure", "Infrastructure", "{D53B269E-2C71-4F98-A65C-8E23429354F1}"
EndProject
Project("{2150E333-8FDC-42A3-9474-1A3956D46DE8}") = "Presentation", "Presentation", "{354517EC-24F8-4984-A798-C5566044125A}"
EndProject
Project("{FAE04EC0-301F-11D3-BF4B-00C04F79EFBC}") = "Provitamin.Infrastructure", "Provitamin.Infrastructure\Provitamin.Infrastructure.csproj", "{A0C2EE99-5173-41E2-9C0B-9D03ED6D092A}"
EndProject
Project("{2150E333-8FDC-42A3-9474-1A3956D46DE8}") = "Tests", "Tests", "{5A3A6143-D916-41D4-B800-E43E0EE923F8}"
EndProject
Project("{2150E333-8FDC-42A3-9474-1A3956D46DE8}") = "Services", "Services", "{468D1F0D-0794-4032-9356-98E46403AEA7}"
EndProject
Project("{2150E333-8FDC-42A3-9474-1A3956D46DE8}") = "Basket", "Basket", "{0FF75169-6F43-4811-AA3B-92C0C058256D}"
EndProject
Project("{2150E333-8FDC-42A3-9474-1A3956D46DE8}") = "Ordering", "Ordering", "{FCC4E6C2-5C7C-422E-A490-5BD7AE8A00A0}"
EndProject
Project("{2150E333-8FDC-42A3-9474-1A3956D46DE8}") = "Catalog", "Catalog", "{11C89770-763A-4A85-9679-DD30BE210FCF}"
EndProject
Project("{2150E333-8FDC-42A3-9474-1A3956D46DE8}") = "Identity", "Identity", "{7D741D64-A523-4DBA-862B-9F4671AAD7A9}"
EndProject
Project("{2150E333-8FDC-42A3-9474-1A3956D46DE8}") = "Search", "Search", "{DCB964A7-F9DE-4620-A4F5-7F9BE54A686C}"
EndProject
Project("{2150E333-8FDC-42A3-9474-1A3956D46DE8}") = "Review", "Review", "{BDA2BC07-99A3-419F-9E22-BCA47D8EE970}"
EndProject
Project("{FAE04EC0-301F-11D3-BF4B-00C04F79EFBC}") = "Basket.Api", "Basket.Api\Basket.Api.csproj", "{978809B1-936D-4CA8-AB42-24CC3545E471}"
EndProject
Project("{FAE04EC0-301F-11D3-BF4B-00C04F79EFBC}") = "Catalog.Api", "Catalog.Api\Catalog.Api.csproj", "{58804A27-DBA8-4A9A-974F-4902D4AFD817}"
EndProject
Project("{FAE04EC0-301F-11D3-BF4B-00C04F79EFBC}") = "Identity.Api", "Identity.Api\Identity.Api.csproj", "{F1D457C7-8051-4932-A6A5-164B63EE7AA4}"
EndProject
Project("{FAE04EC0-301F-11D3-BF4B-00C04F79EFBC}") = "Ordering.Api", "Ordering.Api\Ordering.Api.csproj", "{BC7513D2-DFA8-4ECB-BBAD-5B190DE3A48C}"
EndProject
Project("{FAE04EC0-301F-11D3-BF4B-00C04F79EFBC}") = "Review.Api", "Review.Api\Review.Api.csproj", "{773F255F-5FDD-40FF-9553-2647806FA9EA}"
EndProject
Project("{FAE04EC0-301F-11D3-BF4B-00C04F79EFBC}") = "Search.Api", "Search.Api\Search.Api.csproj", "{B0F5599A-2649-41FD-BE35-205223FFCE9C}"
EndProject
Project("{FAE04EC0-301F-11D3-BF4B-00C04F79EFBC}") = "Application", "Application\Application.csproj", "{94A5BB67-DF14-4437-9ED8-20055E919D7D}"
EndProject
Project("{FAE04EC0-301F-11D3-BF4B-00C04F79EFBC}") = "Common", "Common\Common.csproj", "{5BDD9097-1027-4022-AA58-89F1CA98ECC2}"
EndProject
Project("{FAE04EC0-301F-11D3-BF4B-00C04F79EFBC}") = "Domain", "Domain\Domain.csproj", "{5BD12DBF-67DF-4BC7-AB05-81DC766A1764}"
EndProject
Project("{FAE04EC0-301F-11D3-BF4B-00C04F79EFBC}") = "Persistence", "Persistence\Persistence.csproj", "{0DE62CFF-68CE-4AF9-9897-E0A2EC024AED}"
EndProject
Global
	GlobalSection(SolutionConfigurationPlatforms) = preSolution
		Debug|Any CPU = Debug|Any CPU
		Release|Any CPU = Release|Any CPU
	EndGlobalSection
	GlobalSection(ProjectConfigurationPlatforms) = postSolution
		{9149E423-55AD-4687-953A-A8853E23AA9A}.Debug|Any CPU.ActiveCfg = Debug|Any CPU
		{9149E423-55AD-4687-953A-A8853E23AA9A}.Debug|Any CPU.Build.0 = Debug|Any CPU
		{9149E423-55AD-4687-953A-A8853E23AA9A}.Release|Any CPU.ActiveCfg = Release|Any CPU
		{9149E423-55AD-4687-953A-A8853E23AA9A}.Release|Any CPU.Build.0 = Release|Any CPU
		{A0C2EE99-5173-41E2-9C0B-9D03ED6D092A}.Debug|Any CPU.ActiveCfg = Debug|Any CPU
		{A0C2EE99-5173-41E2-9C0B-9D03ED6D092A}.Debug|Any CPU.Build.0 = Debug|Any CPU
		{A0C2EE99-5173-41E2-9C0B-9D03ED6D092A}.Release|Any CPU.ActiveCfg = Release|Any CPU
		{A0C2EE99-5173-41E2-9C0B-9D03ED6D092A}.Release|Any CPU.Build.0 = Release|Any CPU
		{978809B1-936D-4CA8-AB42-24CC3545E471}.Debug|Any CPU.ActiveCfg = Debug|Any CPU
		{978809B1-936D-4CA8-AB42-24CC3545E471}.Debug|Any CPU.Build.0 = Debug|Any CPU
		{978809B1-936D-4CA8-AB42-24CC3545E471}.Release|Any CPU.ActiveCfg = Release|Any CPU
		{978809B1-936D-4CA8-AB42-24CC3545E471}.Release|Any CPU.Build.0 = Release|Any CPU
		{58804A27-DBA8-4A9A-974F-4902D4AFD817}.Debug|Any CPU.ActiveCfg = Debug|Any CPU
		{58804A27-DBA8-4A9A-974F-4902D4AFD817}.Debug|Any CPU.Build.0 = Debug|Any CPU
		{58804A27-DBA8-4A9A-974F-4902D4AFD817}.Release|Any CPU.ActiveCfg = Release|Any CPU
		{58804A27-DBA8-4A9A-974F-4902D4AFD817}.Release|Any CPU.Build.0 = Release|Any CPU
		{F1D457C7-8051-4932-A6A5-164B63EE7AA4}.Debug|Any CPU.ActiveCfg = Debug|Any CPU
		{F1D457C7-8051-4932-A6A5-164B63EE7AA4}.Debug|Any CPU.Build.0 = Debug|Any CPU
		{F1D457C7-8051-4932-A6A5-164B63EE7AA4}.Release|Any CPU.ActiveCfg = Release|Any CPU
		{F1D457C7-8051-4932-A6A5-164B63EE7AA4}.Release|Any CPU.Build.0 = Release|Any CPU
		{BC7513D2-DFA8-4ECB-BBAD-5B190DE3A48C}.Debug|Any CPU.ActiveCfg = Debug|Any CPU
		{BC7513D2-DFA8-4ECB-BBAD-5B190DE3A48C}.Debug|Any CPU.Build.0 = Debug|Any CPU
		{BC7513D2-DFA8-4ECB-BBAD-5B190DE3A48C}.Release|Any CPU.ActiveCfg = Release|Any CPU
		{BC7513D2-DFA8-4ECB-BBAD-5B190DE3A48C}.Release|Any CPU.Build.0 = Release|Any CPU
		{773F255F-5FDD-40FF-9553-2647806FA9EA}.Debug|Any CPU.ActiveCfg = Debug|Any CPU
		{773F255F-5FDD-40FF-9553-2647806FA9EA}.Debug|Any CPU.Build.0 = Debug|Any CPU
		{773F255F-5FDD-40FF-9553-2647806FA9EA}.Release|Any CPU.ActiveCfg = Release|Any CPU
		{773F255F-5FDD-40FF-9553-2647806FA9EA}.Release|Any CPU.Build.0 = Release|Any CPU
		{B0F5599A-2649-41FD-BE35-205223FFCE9C}.Debug|Any CPU.ActiveCfg = Debug|Any CPU
		{B0F5599A-2649-41FD-BE35-205223FFCE9C}.Debug|Any CPU.Build.0 = Debug|Any CPU
		{B0F5599A-2649-41FD-BE35-205223FFCE9C}.Release|Any CPU.ActiveCfg = Release|Any CPU
		{B0F5599A-2649-41FD-BE35-205223FFCE9C}.Release|Any CPU.Build.0 = Release|Any CPU
		{94A5BB67-DF14-4437-9ED8-20055E919D7D}.Debug|Any CPU.ActiveCfg = Debug|Any CPU
		{94A5BB67-DF14-4437-9ED8-20055E919D7D}.Debug|Any CPU.Build.0 = Debug|Any CPU
		{94A5BB67-DF14-4437-9ED8-20055E919D7D}.Release|Any CPU.ActiveCfg = Release|Any CPU
		{94A5BB67-DF14-4437-9ED8-20055E919D7D}.Release|Any CPU.Build.0 = Release|Any CPU
		{5BDD9097-1027-4022-AA58-89F1CA98ECC2}.Debug|Any CPU.ActiveCfg = Debug|Any CPU
		{5BDD9097-1027-4022-AA58-89F1CA98ECC2}.Debug|Any CPU.Build.0 = Debug|Any CPU
		{5BDD9097-1027-4022-AA58-89F1CA98ECC2}.Release|Any CPU.ActiveCfg = Release|Any CPU
		{5BDD9097-1027-4022-AA58-89F1CA98ECC2}.Release|Any CPU.Build.0 = Release|Any CPU
		{5BD12DBF-67DF-4BC7-AB05-81DC766A1764}.Debug|Any CPU.ActiveCfg = Debug|Any CPU
		{5BD12DBF-67DF-4BC7-AB05-81DC766A1764}.Debug|Any CPU.Build.0 = Debug|Any CPU
		{5BD12DBF-67DF-4BC7-AB05-81DC766A1764}.Release|Any CPU.ActiveCfg = Release|Any CPU
		{5BD12DBF-67DF-4BC7-AB05-81DC766A1764}.Release|Any CPU.Build.0 = Release|Any CPU
		{0DE62CFF-68CE-4AF9-9897-E0A2EC024AED}.Debug|Any CPU.ActiveCfg = Debug|Any CPU
		{0DE62CFF-68CE-4AF9-9897-E0A2EC024AED}.Debug|Any CPU.Build.0 = Debug|Any CPU
		{0DE62CFF-68CE-4AF9-9897-E0A2EC024AED}.Release|Any CPU.ActiveCfg = Release|Any CPU
		{0DE62CFF-68CE-4AF9-9897-E0A2EC024AED}.Release|Any CPU.Build.0 = Release|Any CPU
	EndGlobalSection
	GlobalSection(NestedProjects) = preSolution
		{1D80DF87-F97C-43E8-A2D9-0F1CA53D94CE} = {35EB914F-DA90-447F-8850-FBD85ADC8E3A}
		{D53B269E-2C71-4F98-A65C-8E23429354F1} = {35EB914F-DA90-447F-8850-FBD85ADC8E3A}
		{354517EC-24F8-4984-A798-C5566044125A} = {35EB914F-DA90-447F-8850-FBD85ADC8E3A}
		{9149E423-55AD-4687-953A-A8853E23AA9A} = {354517EC-24F8-4984-A798-C5566044125A}
		{A0C2EE99-5173-41E2-9C0B-9D03ED6D092A} = {D53B269E-2C71-4F98-A65C-8E23429354F1}
		{468D1F0D-0794-4032-9356-98E46403AEA7} = {35EB914F-DA90-447F-8850-FBD85ADC8E3A}
		{0FF75169-6F43-4811-AA3B-92C0C058256D} = {468D1F0D-0794-4032-9356-98E46403AEA7}
		{FCC4E6C2-5C7C-422E-A490-5BD7AE8A00A0} = {468D1F0D-0794-4032-9356-98E46403AEA7}
		{11C89770-763A-4A85-9679-DD30BE210FCF} = {468D1F0D-0794-4032-9356-98E46403AEA7}
		{7D741D64-A523-4DBA-862B-9F4671AAD7A9} = {468D1F0D-0794-4032-9356-98E46403AEA7}
		{DCB964A7-F9DE-4620-A4F5-7F9BE54A686C} = {468D1F0D-0794-4032-9356-98E46403AEA7}
		{BDA2BC07-99A3-419F-9E22-BCA47D8EE970} = {468D1F0D-0794-4032-9356-98E46403AEA7}
		{978809B1-936D-4CA8-AB42-24CC3545E471} = {0FF75169-6F43-4811-AA3B-92C0C058256D}
		{58804A27-DBA8-4A9A-974F-4902D4AFD817} = {11C89770-763A-4A85-9679-DD30BE210FCF}
		{F1D457C7-8051-4932-A6A5-164B63EE7AA4} = {7D741D64-A523-4DBA-862B-9F4671AAD7A9}
		{BC7513D2-DFA8-4ECB-BBAD-5B190DE3A48C} = {FCC4E6C2-5C7C-422E-A490-5BD7AE8A00A0}
		{773F255F-5FDD-40FF-9553-2647806FA9EA} = {BDA2BC07-99A3-419F-9E22-BCA47D8EE970}
		{B0F5599A-2649-41FD-BE35-205223FFCE9C} = {DCB964A7-F9DE-4620-A4F5-7F9BE54A686C}
		{94A5BB67-DF14-4437-9ED8-20055E919D7D} = {1D80DF87-F97C-43E8-A2D9-0F1CA53D94CE}
		{5BDD9097-1027-4022-AA58-89F1CA98ECC2} = {1D80DF87-F97C-43E8-A2D9-0F1CA53D94CE}
		{5BD12DBF-67DF-4BC7-AB05-81DC766A1764} = {1D80DF87-F97C-43E8-A2D9-0F1CA53D94CE}
		{0DE62CFF-68CE-4AF9-9897-E0A2EC024AED} = {D53B269E-2C71-4F98-A65C-8E23429354F1}
	EndGlobalSection
EndGlobal
